// !$*UTF8*$!
{
	archiveVersion = 1;
	classes = {
	};
	objectVersion = 50;
	objects = {

/* Begin PBXBuildFile section */
		CDEB040B24EF6E1D00EE779F /* AppDelegate.swift in Sources */ = {isa = PBXBuildFile; fileRef = CDEB040A24EF6E1D00EE779F /* AppDelegate.swift */; };
		CDEB040D24EF6E1D00EE779F /* SceneDelegate.swift in Sources */ = {isa = PBXBuildFile; fileRef = CDEB040C24EF6E1D00EE779F /* SceneDelegate.swift */; };
		CDEB040F24EF6E1D00EE779F /* ViewController.swift in Sources */ = {isa = PBXBuildFile; fileRef = CDEB040E24EF6E1D00EE779F /* ViewController.swift */; };
		CDEB041224EF6E1D00EE779F /* Main.storyboard in Resources */ = {isa = PBXBuildFile; fileRef = CDEB041024EF6E1D00EE779F /* Main.storyboard */; };
		CDEB041424EF6E2000EE779F /* Assets.xcassets in Resources */ = {isa = PBXBuildFile; fileRef = CDEB041324EF6E2000EE779F /* Assets.xcassets */; };
		CDEB041724EF6E2000EE779F /* LaunchScreen.storyboard in Resources */ = {isa = PBXBuildFile; fileRef = CDEB041524EF6E2000EE779F /* LaunchScreen.storyboard */; };
		CDEB042224EF6E2000EE779F /* tipCalculatorTests.swift in Sources */ = {isa = PBXBuildFile; fileRef = CDEB042124EF6E2000EE779F /* tipCalculatorTests.swift */; };
		CDEB042D24EF6E2000EE779F /* tipCalculatorUITests.swift in Sources */ = {isa = PBXBuildFile; fileRef = CDEB042C24EF6E2000EE779F /* tipCalculatorUITests.swift */; };
/* End PBXBuildFile section */

/* Begin PBXContainerItemProxy section */
		CDEB041E24EF6E2000EE779F /* PBXContainerItemProxy */ = {
			isa = PBXContainerItemProxy;
			containerPortal = CDEB03FF24EF6E1C00EE779F /* Project object */;
			proxyType = 1;
			remoteGlobalIDString = CDEB040624EF6E1C00EE779F;
			remoteInfo = tipCalculator;
		};
		CDEB042924EF6E2000EE779F /* PBXContainerItemProxy */ = {
			isa = PBXContainerItemProxy;
			containerPortal = CDEB03FF24EF6E1C00EE779F /* Project object */;
			proxyType = 1;
			remoteGlobalIDString = CDEB040624EF6E1C00EE779F;
			remoteInfo = tipCalculator;
		};
/* End PBXContainerItemProxy section */

/* Begin PBXFileReference section */
		CDEB040724EF6E1D00EE779F /* tipCalculator.app */ = {isa = PBXFileReference; explicitFileType = wrapper.application; includeInIndex = 0; path = tipCalculator.app; sourceTree = BUILT_PRODUCTS_DIR; };
		CDEB040A24EF6E1D00EE779F /* AppDelegate.swift */ = {isa = PBXFileReference; lastKnownFileType = sourcecode.swift; path = AppDelegate.swift; sourceTree = "<group>"; };
		CDEB040C24EF6E1D00EE779F /* SceneDelegate.swift */ = {isa = PBXFileReference; lastKnownFileType = sourcecode.swift; path = SceneDelegate.swift; sourceTree = "<group>"; };
		CDEB040E24EF6E1D00EE779F /* ViewController.swift */ = {isa = PBXFileReference; lastKnownFileType = sourcecode.swift; path = ViewController.swift; sourceTree = "<group>"; };
		CDEB041124EF6E1D00EE779F /* Base */ = {isa = PBXFileReference; lastKnownFileType = file.storyboard; name = Base; path = Base.lproj/Main.storyboard; sourceTree = "<group>"; };
		CDEB041324EF6E2000EE779F /* Assets.xcassets */ = {isa = PBXFileReference; lastKnownFileType = folder.assetcatalog; path = Assets.xcassets; sourceTree = "<group>"; };
		CDEB041624EF6E2000EE779F /* Base */ = {isa = PBXFileReference; lastKnownFileType = file.storyboard; name = Base; path = Base.lproj/LaunchScreen.storyboard; sourceTree = "<group>"; };
		CDEB041824EF6E2000EE779F /* Info.plist */ = {isa = PBXFileReference; lastKnownFileType = text.plist.xml; path = Info.plist; sourceTree = "<group>"; };
		CDEB041D24EF6E2000EE779F /* tipCalculatorTests.xctest */ = {isa = PBXFileReference; explicitFileType = wrapper.cfbundle; includeInIndex = 0; path = tipCalculatorTests.xctest; sourceTree = BUILT_PRODUCTS_DIR; };
		CDEB042124EF6E2000EE779F /* tipCalculatorTests.swift */ = {isa = PBXFileReference; lastKnownFileType = sourcecode.swift; path = tipCalculatorTests.swift; sourceTree = "<group>"; };
		CDEB042324EF6E2000EE779F /* Info.plist */ = {isa = PBXFileReference; lastKnownFileType = text.plist.xml; path = Info.plist; sourceTree = "<group>"; };
		CDEB042824EF6E2000EE779F /* tipCalculatorUITests.xctest */ = {isa = PBXFileReference; explicitFileType = wrapper.cfbundle; includeInIndex = 0; path = tipCalculatorUITests.xctest; sourceTree = BUILT_PRODUCTS_DIR; };
		CDEB042C24EF6E2000EE779F /* tipCalculatorUITests.swift */ = {isa = PBXFileReference; lastKnownFileType = sourcecode.swift; path = tipCalculatorUITests.swift; sourceTree = "<group>"; };
		CDEB042E24EF6E2000EE779F /* Info.plist */ = {isa = PBXFileReference; lastKnownFileType = text.plist.xml; path = Info.plist; sourceTree = "<group>"; };
/* End PBXFileReference section */

/* Begin PBXFrameworksBuildPhase section */
		CDEB040424EF6E1C00EE779F /* Frameworks */ = {
			isa = PBXFrameworksBuildPhase;
			buildActionMask = 2147483647;
			files = (
			);
			runOnlyForDeploymentPostprocessing = 0;
		};
		CDEB041A24EF6E2000EE779F /* Frameworks */ = {
			isa = PBXFrameworksBuildPhase;
			buildActionMask = 2147483647;
			files = (
			);
			runOnlyForDeploymentPostprocessing = 0;
		};
		CDEB042524EF6E2000EE779F /* Frameworks */ = {
			isa = PBXFrameworksBuildPhase;
			buildActionMask = 2147483647;
			files = (
			);
			runOnlyForDeploymentPostprocessing = 0;
		};
/* End PBXFrameworksBuildPhase section */

/* Begin PBXGroup section */
		CDEB03FE24EF6E1C00EE779F = {
			isa = PBXGroup;
			children = (
				CDEB040924EF6E1D00EE779F /* tipCalculator */,
				CDEB042024EF6E2000EE779F /* tipCalculatorTests */,
				CDEB042B24EF6E2000EE779F /* tipCalculatorUITests */,
				CDEB040824EF6E1D00EE779F /* Products */,
			);
			sourceTree = "<group>";
		};
		CDEB040824EF6E1D00EE779F /* Products */ = {
			isa = PBXGroup;
			children = (
				CDEB040724EF6E1D00EE779F /* tipCalculator.app */,
				CDEB041D24EF6E2000EE779F /* tipCalculatorTests.xctest */,
				CDEB042824EF6E2000EE779F /* tipCalculatorUITests.xctest */,
			);
			name = Products;
			sourceTree = "<group>";
		};
		CDEB040924EF6E1D00EE779F /* tipCalculator */ = {
			isa = PBXGroup;
			children = (
				CDEB040A24EF6E1D00EE779F /* AppDelegate.swift */,
				CDEB040C24EF6E1D00EE779F /* SceneDelegate.swift */,
				CDEB040E24EF6E1D00EE779F /* ViewController.swift */,
				CDEB041024EF6E1D00EE779F /* Main.storyboard */,
				CDEB041324EF6E2000EE779F /* Assets.xcassets */,
				CDEB041524EF6E2000EE779F /* LaunchScreen.storyboard */,
				CDEB041824EF6E2000EE779F /* Info.plist */,
			);
			path = tipCalculator;
			sourceTree = "<group>";
		};
		CDEB042024EF6E2000EE779F /* tipCalculatorTests */ = {
			isa = PBXGroup;
			children = (
				CDEB042124EF6E2000EE779F /* tipCalculatorTests.swift */,
				CDEB042324EF6E2000EE779F /* Info.plist */,
			);
			path = tipCalculatorTests;
			sourceTree = "<group>";
		};
		CDEB042B24EF6E2000EE779F /* tipCalculatorUITests */ = {
			isa = PBXGroup;
			children = (
				CDEB042C24EF6E2000EE779F /* tipCalculatorUITests.swift */,
				CDEB042E24EF6E2000EE779F /* Info.plist */,
			);
			path = tipCalculatorUITests;
			sourceTree = "<group>";
		};
/* End PBXGroup section */

/* Begin PBXNativeTarget section */
		CDEB040624EF6E1C00EE779F /* tipCalculator */ = {
			isa = PBXNativeTarget;
			buildConfigurationList = CDEB043124EF6E2000EE779F /* Build configuration list for PBXNativeTarget "tipCalculator" */;
			buildPhases = (
				CDEB040324EF6E1C00EE779F /* Sources */,
				CDEB040424EF6E1C00EE779F /* Frameworks */,
				CDEB040524EF6E1C00EE779F /* Resources */,
			);
			buildRules = (
			);
			dependencies = (
			);
			name = tipCalculator;
			productName = tipCalculator;
			productReference = CDEB040724EF6E1D00EE779F /* tipCalculator.app */;
			productType = "com.apple.product-type.application";
		};
		CDEB041C24EF6E2000EE779F /* tipCalculatorTests */ = {
			isa = PBXNativeTarget;
			buildConfigurationList = CDEB043424EF6E2000EE779F /* Build configuration list for PBXNativeTarget "tipCalculatorTests" */;
			buildPhases = (
				CDEB041924EF6E2000EE779F /* Sources */,
				CDEB041A24EF6E2000EE779F /* Frameworks */,
				CDEB041B24EF6E2000EE779F /* Resources */,
			);
			buildRules = (
			);
			dependencies = (
				CDEB041F24EF6E2000EE779F /* PBXTargetDependency */,
			);
			name = tipCalculatorTests;
			productName = tipCalculatorTests;
			productReference = CDEB041D24EF6E2000EE779F /* tipCalculatorTests.xctest */;
			productType = "com.apple.product-type.bundle.unit-test";
		};
		CDEB042724EF6E2000EE779F /* tipCalculatorUITests */ = {
			isa = PBXNativeTarget;
			buildConfigurationList = CDEB043724EF6E2000EE779F /* Build configuration list for PBXNativeTarget "tipCalculatorUITests" */;
			buildPhases = (
				CDEB042424EF6E2000EE779F /* Sources */,
				CDEB042524EF6E2000EE779F /* Frameworks */,
				CDEB042624EF6E2000EE779F /* Resources */,
			);
			buildRules = (
			);
			dependencies = (
				CDEB042A24EF6E2000EE779F /* PBXTargetDependency */,
			);
			name = tipCalculatorUITests;
			productName = tipCalculatorUITests;
			productReference = CDEB042824EF6E2000EE779F /* tipCalculatorUITests.xctest */;
			productType = "com.apple.product-type.bundle.ui-testing";
		};
/* End PBXNativeTarget section */

/* Begin PBXProject section */
		CDEB03FF24EF6E1C00EE779F /* Project object */ = {
			isa = PBXProject;
			attributes = {
				LastSwiftUpdateCheck = 1160;
				LastUpgradeCheck = 1160;
				ORGANIZATIONNAME = "Anjali Tak";
				TargetAttributes = {
					CDEB040624EF6E1C00EE779F = {
						CreatedOnToolsVersion = 11.6;
					};
					CDEB041C24EF6E2000EE779F = {
						CreatedOnToolsVersion = 11.6;
						TestTargetID = CDEB040624EF6E1C00EE779F;
					};
					CDEB042724EF6E2000EE779F = {
						CreatedOnToolsVersion = 11.6;
						TestTargetID = CDEB040624EF6E1C00EE779F;
					};
				};
			};
			buildConfigurationList = CDEB040224EF6E1C00EE779F /* Build configuration list for PBXProject "tipCalculator" */;
			compatibilityVersion = "Xcode 9.3";
			developmentRegion = en;
			hasScannedForEncodings = 0;
			knownRegions = (
				en,
				Base,
			);
			mainGroup = CDEB03FE24EF6E1C00EE779F;
			productRefGroup = CDEB040824EF6E1D00EE779F /* Products */;
			projectDirPath = "";
			projectRoot = "";
			targets = (
				CDEB040624EF6E1C00EE779F /* tipCalculator */,
				CDEB041C24EF6E2000EE779F /* tipCalculatorTests */,
				CDEB042724EF6E2000EE779F /* tipCalculatorUITests */,
			);
		};
/* End PBXProject section */

/* Begin PBXResourcesBuildPhase section */
		CDEB040524EF6E1C00EE779F /* Resources */ = {
			isa = PBXResourcesBuildPhase;
			buildActionMask = 2147483647;
			files = (
				CDEB041724EF6E2000EE779F /* LaunchScreen.storyboard in Resources */,
				CDEB041424EF6E2000EE779F /* Assets.xcassets in Resources */,
				CDEB041224EF6E1D00EE779F /* Main.storyboard in Resources */,
			);
			runOnlyForDeploymentPostprocessing = 0;
		};
		CDEB041B24EF6E2000EE779F /* Resources */ = {
			isa = PBXResourcesBuildPhase;
			buildActionMask = 2147483647;
			files = (
			);
			runOnlyForDeploymentPostprocessing = 0;
		};
		CDEB042624EF6E2000EE779F /* Resources */ = {
			isa = PBXResourcesBuildPhase;
			buildActionMask = 2147483647;
			files = (
			);
			runOnlyForDeploymentPostprocessing = 0;
		};
/* End PBXResourcesBuildPhase section */

/* Begin PBXSourcesBuildPhase section */
		CDEB040324EF6E1C00EE779F /* Sources */ = {
			isa = PBXSourcesBuildPhase;
			buildActionMask = 2147483647;
			files = (
				CDEB040F24EF6E1D00EE779F /* ViewController.swift in Sources */,
				CDEB040B24EF6E1D00EE779F /* AppDelegate.swift in Sources */,
				CDEB040D24EF6E1D00EE779F /* SceneDelegate.swift in Sources */,
			);
			runOnlyForDeploymentPostprocessing = 0;
		};
		CDEB041924EF6E2000EE779F /* Sources */ = {
			isa = PBXSourcesBuildPhase;
			buildActionMask = 2147483647;
			files = (
				CDEB042224EF6E2000EE779F /* tipCalculatorTests.swift in Sources */,
			);
			runOnlyForDeploymentPostprocessing = 0;
		};
		CDEB042424EF6E2000EE779F /* Sources */ = {
			isa = PBXSourcesBuildPhase;
			buildActionMask = 2147483647;
			files = (
				CDEB042D24EF6E2000EE779F /* tipCalculatorUITests.swift in Sources */,
			);
			runOnlyForDeploymentPostprocessing = 0;
		};
/* End PBXSourcesBuildPhase section */

/* Begin PBXTargetDependency section */
		CDEB041F24EF6E2000EE779F /* PBXTargetDependency */ = {
			isa = PBXTargetDependency;
			target = CDEB040624EF6E1C00EE779F /* tipCalculator */;
			targetProxy = CDEB041E24EF6E2000EE779F /* PBXContainerItemProxy */;
		};
		CDEB042A24EF6E2000EE779F /* PBXTargetDependency */ = {
			isa = PBXTargetDependency;
			target = CDEB040624EF6E1C00EE779F /* tipCalculator */;
			targetProxy = CDEB042924EF6E2000EE779F /* PBXContainerItemProxy */;
		};
/* End PBXTargetDependency section */

/* Begin PBXVariantGroup section */
		CDEB041024EF6E1D00EE779F /* Main.storyboard */ = {
			isa = PBXVariantGroup;
			children = (
				CDEB041124EF6E1D00EE779F /* Base */,
			);
			name = Main.storyboard;
			sourceTree = "<group>";
		};
		CDEB041524EF6E2000EE779F /* LaunchScreen.storyboard */ = {
			isa = PBXVariantGroup;
			children = (
				CDEB041624EF6E2000EE779F /* Base */,
			);
			name = LaunchScreen.storyboard;
			sourceTree = "<group>";
		};
/* End PBXVariantGroup section */

/* Begin XCBuildConfiguration section */
		CDEB042F24EF6E2000EE779F /* Debug */ = {
			isa = XCBuildConfiguration;
			buildSettings = {
				ALWAYS_SEARCH_USER_PATHS = NO;
				CLANG_ANALYZER_NONNULL = YES;
				CLANG_ANALYZER_NUMBER_OBJECT_CONVERSION = YES_AGGRESSIVE;
				CLANG_CXX_LANGUAGE_STANDARD = "gnu++14";
				CLANG_CXX_LIBRARY = "libc++";
				CLANG_ENABLE_MODULES = YES;
				CLANG_ENABLE_OBJC_ARC = YES;
				CLANG_ENABLE_OBJC_WEAK = YES;
				CLANG_WARN_BLOCK_CAPTURE_AUTORELEASING = YES;
				CLANG_WARN_BOOL_CONVERSION = YES;
				CLANG_WARN_COMMA = YES;
				CLANG_WARN_CONSTANT_CONVERSION = YES;
				CLANG_WARN_DEPRECATED_OBJC_IMPLEMENTATIONS = YES;
				CLANG_WARN_DIRECT_OBJC_ISA_USAGE = YES_ERROR;
				CLANG_WARN_DOCUMENTATION_COMMENTS = YES;
				CLANG_WARN_EMPTY_BODY = YES;
				CLANG_WARN_ENUM_CONVERSION = YES;
				CLANG_WARN_INFINITE_RECURSION = YES;
				CLANG_WARN_INT_CONVERSION = YES;
				CLANG_WARN_NON_LITERAL_NULL_CONVERSION = YES;
				CLANG_WARN_OBJC_IMPLICIT_RETAIN_SELF = YES;
				CLANG_WARN_OBJC_LITERAL_CONVERSION = YES;
				CLANG_WARN_OBJC_ROOT_CLASS = YES_ERROR;
				CLANG_WARN_RANGE_LOOP_ANALYSIS = YES;
				CLANG_WARN_STRICT_PROTOTYPES = YES;
				CLANG_WARN_SUSPICIOUS_MOVE = YES;
				CLANG_WARN_UNGUARDED_AVAILABILITY = YES_AGGRESSIVE;
				CLANG_WARN_UNREACHABLE_CODE = YES;
				CLANG_WARN__DUPLICATE_METHOD_MATCH = YES;
				COPY_PHASE_STRIP = NO;
				DEBUG_INFORMATION_FORMAT = dwarf;
				ENABLE_STRICT_OBJC_MSGSEND = YES;
				ENABLE_TESTABILITY = YES;
				GCC_C_LANGUAGE_STANDARD = gnu11;
				GCC_DYNAMIC_NO_PIC = NO;
				GCC_NO_COMMON_BLOCKS = YES;
				GCC_OPTIMIZATION_LEVEL = 0;
				GCC_PREPROCESSOR_DEFINITIONS = (
					"DEBUG=1",
					"$(inherited)",
				);
				GCC_WARN_64_TO_32_BIT_CONVERSION = YES;
				GCC_WARN_ABOUT_RETURN_TYPE = YES_ERROR;
				GCC_WARN_UNDECLARED_SELECTOR = YES;
				GCC_WARN_UNINITIALIZED_AUTOS = YES_AGGRESSIVE;
				GCC_WARN_UNUSED_FUNCTION = YES;
				GCC_WARN_UNUSED_VARIABLE = YES;
				IPHONEOS_DEPLOYMENT_TARGET = 13.6;
				MTL_ENABLE_DEBUG_INFO = INCLUDE_SOURCE;
				MTL_FAST_MATH = YES;
				ONLY_ACTIVE_ARCH = YES;
				SDKROOT = iphoneos;
				SWIFT_ACTIVE_COMPILATION_CONDITIONS = DEBUG;
				SWIFT_OPTIMIZATION_LEVEL = "-Onone";
			};
			name = Debug;
		};
		CDEB043024EF6E2000EE779F /* Release */ = {
			isa = XCBuildConfiguration;
			buildSettings = {
				ALWAYS_SEARCH_USER_PATHS = NO;
				CLANG_ANALYZER_NONNULL = YES;
				CLANG_ANALYZER_NUMBER_OBJECT_CONVERSION = YES_AGGRESSIVE;
				CLANG_CXX_LANGUAGE_STANDARD = "gnu++14";
				CLANG_CXX_LIBRARY = "libc++";
				CLANG_ENABLE_MODULES = YES;
				CLANG_ENABLE_OBJC_ARC = YES;
				CLANG_ENABLE_OBJC_WEAK = YES;
				CLANG_WARN_BLOCK_CAPTURE_AUTORELEASING = YES;
				CLANG_WARN_BOOL_CONVERSION = YES;
				CLANG_WARN_COMMA = YES;
				CLANG_WARN_CONSTANT_CONVERSION = YES;
				CLANG_WARN_DEPRECATED_OBJC_IMPLEMENTATIONS = YES;
				CLANG_WARN_DIRECT_OBJC_ISA_USAGE = YES_ERROR;
				CLANG_WARN_DOCUMENTATION_COMMENTS = YES;
				CLANG_WARN_EMPTY_BODY = YES;
				CLANG_WARN_ENUM_CONVERSION = YES;
				CLANG_WARN_INFINITE_RECURSION = YES;
				CLANG_WARN_INT_CONVERSION = YES;
				CLANG_WARN_NON_LITERAL_NULL_CONVERSION = YES;
				CLANG_WARN_OBJC_IMPLICIT_RETAIN_SELF = YES;
				CLANG_WARN_OBJC_LITERAL_CONVERSION = YES;
				CLANG_WARN_OBJC_ROOT_CLASS = YES_ERROR;
				CLANG_WARN_RANGE_LOOP_ANALYSIS = YES;
				CLANG_WARN_STRICT_PROTOTYPES = YES;
				CLANG_WARN_SUSPICIOUS_MOVE = YES;
				CLANG_WARN_UNGUARDED_AVAILABILITY = YES_AGGRESSIVE;
				CLANG_WARN_UNREACHABLE_CODE = YES;
				CLANG_WARN__DUPLICATE_METHOD_MATCH = YES;
				COPY_PHASE_STRIP = NO;
				DEBUG_INFORMATION_FORMAT = "dwarf-with-dsym";
				ENABLE_NS_ASSERTIONS = NO;
				ENABLE_STRICT_OBJC_MSGSEND = YES;
				GCC_C_LANGUAGE_STANDARD = gnu11;
				GCC_NO_COMMON_BLOCKS = YES;
				GCC_WARN_64_TO_32_BIT_CONVERSION = YES;
				GCC_WARN_ABOUT_RETURN_TYPE = YES_ERROR;
				GCC_WARN_UNDECLARED_SELECTOR = YES;
				GCC_WARN_UNINITIALIZED_AUTOS = YES_AGGRESSIVE;
				GCC_WARN_UNUSED_FUNCTION = YES;
				GCC_WARN_UNUSED_VARIABLE = YES;
				IPHONEOS_DEPLOYMENT_TARGET = 13.6;
				MTL_ENABLE_DEBUG_INFO = NO;
				MTL_FAST_MATH = YES;
				SDKROOT = iphoneos;
				SWIFT_COMPILATION_MODE = wholemodule;
				SWIFT_OPTIMIZATION_LEVEL = "-O";
				VALIDATE_PRODUCT = YES;
			};
			name = Release;
		};
		CDEB043224EF6E2000EE779F /* Debug */ = {
			isa = XCBuildConfiguration;
			buildSettings = {
				ASSETCATALOG_COMPILER_APPICON_NAME = AppIcon;
				CODE_SIGN_STYLE = Automatic;
				DEVELOPMENT_TEAM = Z6AD66X62M;
				INFOPLIST_FILE = tipCalculator/Info.plist;
				LD_RUNPATH_SEARCH_PATHS = (
					"$(inherited)",
					"@executable_path/Frameworks",
				);
				PRODUCT_BUNDLE_IDENTIFIER = com.Anjali.tipCalculator;
				PRODUCT_NAME = "$(TARGET_NAME)";
				SWIFT_VERSION = 5.0;
				TARGETED_DEVICE_FAMILY = "1,2";
			};
			name = Debug;
		};
		CDEB043324EF6E2000EE779F /* Release */ = {
			isa = XCBuildConfiguration;
			buildSettings = {
				ASSETCATALOG_COMPILER_APPICON_NAME = AppIcon;
				CODE_SIGN_STYLE = Automatic;
				DEVELOPMENT_TEAM = Z6AD66X62M;
				INFOPLIST_FILE = tipCalculator/Info.plist;
				LD_RUNPATH_SEARCH_PATHS = (
					"$(inherited)",
					"@executable_path/Frameworks",
				);
				PRODUCT_BUNDLE_IDENTIFIER = com.Anjali.tipCalculator;
				PRODUCT_NAME = "$(TARGET_NAME)";
				SWIFT_VERSION = 5.0;
				TARGETED_DEVICE_FAMILY = "1,2";
			};
			name = Release;
		};
		CDEB043524EF6E2000EE779F /* Debug */ = {
			isa = XCBuildConfiguration;
			buildSettings = {
				ALWAYS_EMBED_SWIFT_STANDARD_LIBRARIES = YES;
				BUNDLE_LOADER = "$(TEST_HOST)";
				CODE_SIGN_STYLE = Automatic;
				DEVELOPMENT_TEAM = Z6AD66X62M;
				INFOPLIST_FILE = tipCalculatorTests/Info.plist;
				IPHONEOS_DEPLOYMENT_TARGET = 13.6;
				LD_RUNPATH_SEARCH_PATHS = (
					"$(inherited)",
					"@executable_path/Frameworks",
					"@loader_path/Frameworks",
				);
				PRODUCT_BUNDLE_IDENTIFIER = com.Anjali.tipCalculatorTests;
				PRODUCT_NAME = "$(TARGET_NAME)";
				SWIFT_VERSION = 5.0;
				TARGETED_DEVICE_FAMILY = "1,2";
				TEST_HOST = "$(BUILT_PRODUCTS_DIR)/tipCalculator.app/tipCalculator";
			};
			name = Debug;
		};
		CDEB043624EF6E2000EE779F /* Release */ = {
			isa = XCBuildConfiguration;
			buildSettings = {
				ALWAYS_EMBED_SWIFT_STANDARD_LIBRARIES = YES;
				BUNDLE_LOADER = "$(TEST_HOST)";
				CODE_SIGN_STYLE = Automatic;
				DEVELOPMENT_TEAM = Z6AD66X62M;
				INFOPLIST_FILE = tipCalculatorTests/Info.plist;
				IPHONEOS_DEPLOYMENT_TARGET = 13.6;
				LD_RUNPATH_SEARCH_PATHS = (
					"$(inherited)",
					"@executable_path/Frameworks",
					"@loader_path/Frameworks",
				);
				PRODUCT_BUNDLE_IDENTIFIER = com.Anjali.tipCalculatorTests;
				PRODUCT_NAME = "$(TARGET_NAME)";
				SWIFT_VERSION = 5.0;
				TARGETED_DEVICE_FAMILY = "1,2";
				TEST_HOST = "$(BUILT_PRODUCTS_DIR)/tipCalculator.app/tipCalculator";
			};
			name = Release;
		};
		CDEB043824EF6E2000EE779F /* Debug */ = {
			isa = XCBuildConfiguration;
			buildSettings = {
				ALWAYS_EMBED_SWIFT_STANDARD_LIBRARIES = YES;
				CODE_SIGN_STYLE = Automatic;
				DEVELOPMENT_TEAM = Z6AD66X62M;
				INFOPLIST_FILE = tipCalculatorUITests/Info.plist;
				LD_RUNPATH_SEARCH_PATHS = (
					"$(inherited)",
					"@executable_path/Frameworks",
					"@loader_path/Frameworks",
				);
				PRODUCT_BUNDLE_IDENTIFIER = com.Anjali.tipCalculatorUITests;
				PRODUCT_NAME = "$(TARGET_NAME)";
				SWIFT_VERSION = 5.0;
				TARGETED_DEVICE_FAMILY = "1,2";
				TEST_TARGET_NAME = tipCalculator;
			};
			name = Debug;
		};
		CDEB043924EF6E2000EE779F /* Release */ = {
			isa = XCBuildConfiguration;
			buildSettings = {
				ALWAYS_EMBED_SWIFT_STANDARD_LIBRARIES = YES;
				CODE_SIGN_STYLE = Automatic;
				DEVELOPMENT_TEAM = Z6AD66X62M;
				INFOPLIST_FILE = tipCalculatorUITests/Info.plist;
				LD_RUNPATH_SEARCH_PATHS = (
					"$(inherited)",
					"@executable_path/Frameworks",
					"@loader_path/Frameworks",
				);
				PRODUCT_BUNDLE_IDENTIFIER = com.Anjali.tipCalculatorUITests;
				PRODUCT_NAME = "$(TARGET_NAME)";
				SWIFT_VERSION = 5.0;
				TARGETED_DEVICE_FAMILY = "1,2";
				TEST_TARGET_NAME = tipCalculator;
			};
			name = Release;
		};
/* End XCBuildConfiguration section */

/* Begin XCConfigurationList section */
		CDEB040224EF6E1C00EE779F /* Build configuration list for PBXProject "tipCalculator" */ = {
			isa = XCConfigurationList;
			buildConfigurations = (
				CDEB042F24EF6E2000EE779F /* Debug */,
				CDEB043024EF6E2000EE779F /* Release */,
			);
			defaultConfigurationIsVisible = 0;
			defaultConfigurationName = Release;
		};
		CDEB043124EF6E2000EE779F /* Build configuration list for PBXNativeTarget "tipCalculator" */ = {
			isa = XCConfigurationList;
			buildConfigurations = (
				CDEB043224EF6E2000EE779F /* Debug */,
				CDEB043324EF6E2000EE779F /* Release */,
			);
			defaultConfigurationIsVisible = 0;
			defaultConfigurationName = Release;
		};
		CDEB043424EF6E2000EE779F /* Build configuration list for PBXNativeTarget "tipCalculatorTests" */ = {
			isa = XCConfigurationList;
			buildConfigurations = (
				CDEB043524EF6E2000EE779F /* Debug */,
				CDEB043624EF6E2000EE779F /* Release */,
			);
			defaultConfigurationIsVisible = 0;
			defaultConfigurationName = Release;
		};
		CDEB043724EF6E2000EE779F /* Build configuration list for PBXNativeTarget "tipCalculatorUITests" */ = {
			isa = XCConfigurationList;
			buildConfigurations = (
				CDEB043824EF6E2000EE779F /* Debug */,
				CDEB043924EF6E2000EE779F /* Release */,
			);
			defaultConfigurationIsVisible = 0;
			defaultConfigurationName = Release;
		};
/* End XCConfigurationList section */
	};
	rootObject = CDEB03FF24EF6E1C00EE779F /* Project object */;
}
